// !$*UTF8*$!
{
	archiveVersion = 1;
	classes = {
	};
	objectVersion = 50;
	objects = {

/* Begin PBXBuildFile section */
		7709DB9B255EA7CA00D069FA /* Model.swift in Sources */ = {isa = PBXBuildFile; fileRef = 7709DB9A255EA7CA00D069FA /* Model.swift */; };
		77756569255DC63100919A2F /* AppDelegate.swift in Sources */ = {isa = PBXBuildFile; fileRef = 77756568255DC63100919A2F /* AppDelegate.swift */; };
		7775656B255DC63100919A2F /* SceneDelegate.swift in Sources */ = {isa = PBXBuildFile; fileRef = 7775656A255DC63100919A2F /* SceneDelegate.swift */; };
		7775656D255DC63100919A2F /* ViewController.swift in Sources */ = {isa = PBXBuildFile; fileRef = 7775656C255DC63100919A2F /* ViewController.swift */; };
		77756570255DC63100919A2F /* Main.storyboard in Resources */ = {isa = PBXBuildFile; fileRef = 7775656E255DC63100919A2F /* Main.storyboard */; };
		77756572255DC63200919A2F /* Assets.xcassets in Resources */ = {isa = PBXBuildFile; fileRef = 77756571255DC63200919A2F /* Assets.xcassets */; };
		77756575255DC63200919A2F /* LaunchScreen.storyboard in Resources */ = {isa = PBXBuildFile; fileRef = 77756573255DC63200919A2F /* LaunchScreen.storyboard */; };
		77756580255DC63200919A2F /* ImageTextRecognitionTests.swift in Sources */ = {isa = PBXBuildFile; fileRef = 7775657F255DC63200919A2F /* ImageTextRecognitionTests.swift */; };
		7775658B255DC63200919A2F /* ImageTextRecognitionUITests.swift in Sources */ = {isa = PBXBuildFile; fileRef = 7775658A255DC63200919A2F /* ImageTextRecognitionUITests.swift */; };
		777565A2255DC72D00919A2F /* Alphanum_28x28.mlmodel in Sources */ = {isa = PBXBuildFile; fileRef = 777565A1255DC72D00919A2F /* Alphanum_28x28.mlmodel */; };
/* End PBXBuildFile section */

/* Begin PBXContainerItemProxy section */
		7775657C255DC63200919A2F /* PBXContainerItemProxy */ = {
			isa = PBXContainerItemProxy;
			containerPortal = 7775655D255DC63100919A2F /* Project object */;
			proxyType = 1;
			remoteGlobalIDString = 77756564255DC63100919A2F;
			remoteInfo = ImageTextRecognition;
		};
		77756587255DC63200919A2F /* PBXContainerItemProxy */ = {
			isa = PBXContainerItemProxy;
			containerPortal = 7775655D255DC63100919A2F /* Project object */;
			proxyType = 1;
			remoteGlobalIDString = 77756564255DC63100919A2F;
			remoteInfo = ImageTextRecognition;
		};
/* End PBXContainerItemProxy section */

/* Begin PBXFileReference section */
		7709DB9A255EA7CA00D069FA /* Model.swift */ = {isa = PBXFileReference; lastKnownFileType = sourcecode.swift; path = Model.swift; sourceTree = "<group>"; };
		77756565255DC63100919A2F /* ImageTextRecognition.app */ = {isa = PBXFileReference; explicitFileType = wrapper.application; includeInIndex = 0; path = ImageTextRecognition.app; sourceTree = BUILT_PRODUCTS_DIR; };
		77756568255DC63100919A2F /* AppDelegate.swift */ = {isa = PBXFileReference; lastKnownFileType = sourcecode.swift; path = AppDelegate.swift; sourceTree = "<group>"; };
		7775656A255DC63100919A2F /* SceneDelegate.swift */ = {isa = PBXFileReference; lastKnownFileType = sourcecode.swift; path = SceneDelegate.swift; sourceTree = "<group>"; };
		7775656C255DC63100919A2F /* ViewController.swift */ = {isa = PBXFileReference; lastKnownFileType = sourcecode.swift; path = ViewController.swift; sourceTree = "<group>"; };
		7775656F255DC63100919A2F /* Base */ = {isa = PBXFileReference; lastKnownFileType = file.storyboard; name = Base; path = Base.lproj/Main.storyboard; sourceTree = "<group>"; };
		77756571255DC63200919A2F /* Assets.xcassets */ = {isa = PBXFileReference; lastKnownFileType = folder.assetcatalog; path = Assets.xcassets; sourceTree = "<group>"; };
		77756574255DC63200919A2F /* Base */ = {isa = PBXFileReference; lastKnownFileType = file.storyboard; name = Base; path = Base.lproj/LaunchScreen.storyboard; sourceTree = "<group>"; };
		77756576255DC63200919A2F /* Info.plist */ = {isa = PBXFileReference; lastKnownFileType = text.plist.xml; path = Info.plist; sourceTree = "<group>"; };
		7775657B255DC63200919A2F /* ImageTextRecognitionTests.xctest */ = {isa = PBXFileReference; explicitFileType = wrapper.cfbundle; includeInIndex = 0; path = ImageTextRecognitionTests.xctest; sourceTree = BUILT_PRODUCTS_DIR; };
		7775657F255DC63200919A2F /* ImageTextRecognitionTests.swift */ = {isa = PBXFileReference; lastKnownFileType = sourcecode.swift; path = ImageTextRecognitionTests.swift; sourceTree = "<group>"; };
		77756581255DC63200919A2F /* Info.plist */ = {isa = PBXFileReference; lastKnownFileType = text.plist.xml; path = Info.plist; sourceTree = "<group>"; };
		77756586255DC63200919A2F /* ImageTextRecognitionUITests.xctest */ = {isa = PBXFileReference; explicitFileType = wrapper.cfbundle; includeInIndex = 0; path = ImageTextRecognitionUITests.xctest; sourceTree = BUILT_PRODUCTS_DIR; };
		7775658A255DC63200919A2F /* ImageTextRecognitionUITests.swift */ = {isa = PBXFileReference; lastKnownFileType = sourcecode.swift; path = ImageTextRecognitionUITests.swift; sourceTree = "<group>"; };
		7775658C255DC63200919A2F /* Info.plist */ = {isa = PBXFileReference; lastKnownFileType = text.plist.xml; path = Info.plist; sourceTree = "<group>"; };
		777565A1255DC72D00919A2F /* Alphanum_28x28.mlmodel */ = {isa = PBXFileReference; lastKnownFileType = file.mlmodel; name = Alphanum_28x28.mlmodel; path = "../../../../Downloads/TextRecognizer-master/TextRecognizer/Alphanum_28x28.mlmodel"; sourceTree = "<group>"; };
/* End PBXFileReference section */

/* Begin PBXFrameworksBuildPhase section */
		77756562255DC63100919A2F /* Frameworks */ = {
			isa = PBXFrameworksBuildPhase;
			buildActionMask = 2147483647;
			files = (
			);
			runOnlyForDeploymentPostprocessing = 0;
		};
		77756578255DC63200919A2F /* Frameworks */ = {
			isa = PBXFrameworksBuildPhase;
			buildActionMask = 2147483647;
			files = (
			);
			runOnlyForDeploymentPostprocessing = 0;
		};
		77756583255DC63200919A2F /* Frameworks */ = {
			isa = PBXFrameworksBuildPhase;
			buildActionMask = 2147483647;
			files = (
			);
			runOnlyForDeploymentPostprocessing = 0;
		};
/* End PBXFrameworksBuildPhase section */

/* Begin PBXGroup section */
		7775655C255DC63100919A2F = {
			isa = PBXGroup;
			children = (
				77756567255DC63100919A2F /* ImageTextRecognition */,
				7775657E255DC63200919A2F /* ImageTextRecognitionTests */,
				77756589255DC63200919A2F /* ImageTextRecognitionUITests */,
				77756566255DC63100919A2F /* Products */,
			);
			sourceTree = "<group>";
		};
		77756566255DC63100919A2F /* Products */ = {
			isa = PBXGroup;
			children = (
				77756565255DC63100919A2F /* ImageTextRecognition.app */,
				7775657B255DC63200919A2F /* ImageTextRecognitionTests.xctest */,
				77756586255DC63200919A2F /* ImageTextRecognitionUITests.xctest */,
			);
			name = Products;
			sourceTree = "<group>";
		};
		77756567255DC63100919A2F /* ImageTextRecognition */ = {
			isa = PBXGroup;
			children = (
				77756568255DC63100919A2F /* AppDelegate.swift */,
				7775656A255DC63100919A2F /* SceneDelegate.swift */,
				7775656C255DC63100919A2F /* ViewController.swift */,
				7775656E255DC63100919A2F /* Main.storyboard */,
				7709DB9A255EA7CA00D069FA /* Model.swift */,
				77756571255DC63200919A2F /* Assets.xcassets */,
				777565A1255DC72D00919A2F /* Alphanum_28x28.mlmodel */,
				77756573255DC63200919A2F /* LaunchScreen.storyboard */,
				77756576255DC63200919A2F /* Info.plist */,
			);
			path = ImageTextRecognition;
			sourceTree = "<group>";
		};
		7775657E255DC63200919A2F /* ImageTextRecognitionTests */ = {
			isa = PBXGroup;
			children = (
				7775657F255DC63200919A2F /* ImageTextRecognitionTests.swift */,
				77756581255DC63200919A2F /* Info.plist */,
			);
			path = ImageTextRecognitionTests;
			sourceTree = "<group>";
		};
		77756589255DC63200919A2F /* ImageTextRecognitionUITests */ = {
			isa = PBXGroup;
			children = (
				7775658A255DC63200919A2F /* ImageTextRecognitionUITests.swift */,
				7775658C255DC63200919A2F /* Info.plist */,
			);
			path = ImageTextRecognitionUITests;
			sourceTree = "<group>";
		};
/* End PBXGroup section */

/* Begin PBXNativeTarget section */
		77756564255DC63100919A2F /* ImageTextRecognition */ = {
			isa = PBXNativeTarget;
			buildConfigurationList = 7775658F255DC63200919A2F /* Build configuration list for PBXNativeTarget "ImageTextRecognition" */;
			buildPhases = (
				77756561255DC63100919A2F /* Sources */,
				77756562255DC63100919A2F /* Frameworks */,
				77756563255DC63100919A2F /* Resources */,
			);
			buildRules = (
			);
			dependencies = (
			);
			name = ImageTextRecognition;
			productName = ImageTextRecognition;
			productReference = 77756565255DC63100919A2F /* ImageTextRecognition.app */;
			productType = "com.apple.product-type.application";
		};
		7775657A255DC63200919A2F /* ImageTextRecognitionTests */ = {
			isa = PBXNativeTarget;
			buildConfigurationList = 77756592255DC63200919A2F /* Build configuration list for PBXNativeTarget "ImageTextRecognitionTests" */;
			buildPhases = (
				77756577255DC63200919A2F /* Sources */,
				77756578255DC63200919A2F /* Frameworks */,
				77756579255DC63200919A2F /* Resources */,
			);
			buildRules = (
			);
			dependencies = (
				7775657D255DC63200919A2F /* PBXTargetDependency */,
			);
			name = ImageTextRecognitionTests;
			productName = ImageTextRecognitionTests;
			productReference = 7775657B255DC63200919A2F /* ImageTextRecognitionTests.xctest */;
			productType = "com.apple.product-type.bundle.unit-test";
		};
		77756585255DC63200919A2F /* ImageTextRecognitionUITests */ = {
			isa = PBXNativeTarget;
			buildConfigurationList = 77756595255DC63200919A2F /* Build configuration list for PBXNativeTarget "ImageTextRecognitionUITests" */;
			buildPhases = (
				77756582255DC63200919A2F /* Sources */,
				77756583255DC63200919A2F /* Frameworks */,
				77756584255DC63200919A2F /* Resources */,
			);
			buildRules = (
			);
			dependencies = (
				77756588255DC63200919A2F /* PBXTargetDependency */,
			);
			name = ImageTextRecognitionUITests;
			productName = ImageTextRecognitionUITests;
			productReference = 77756586255DC63200919A2F /* ImageTextRecognitionUITests.xctest */;
			productType = "com.apple.product-type.bundle.ui-testing";
		};
/* End PBXNativeTarget section */

/* Begin PBXProject section */
		7775655D255DC63100919A2F /* Project object */ = {
			isa = PBXProject;
			attributes = {
				LastSwiftUpdateCheck = 1210;
				LastUpgradeCheck = 1210;
				TargetAttributes = {
					77756564255DC63100919A2F = {
						CreatedOnToolsVersion = 12.1;
					};
					7775657A255DC63200919A2F = {
						CreatedOnToolsVersion = 12.1;
						TestTargetID = 77756564255DC63100919A2F;
					};
					77756585255DC63200919A2F = {
						CreatedOnToolsVersion = 12.1;
						TestTargetID = 77756564255DC63100919A2F;
					};
				};
			};
			buildConfigurationList = 77756560255DC63100919A2F /* Build configuration list for PBXProject "ImageTextRecognition" */;
			compatibilityVersion = "Xcode 9.3";
			developmentRegion = en;
			hasScannedForEncodings = 0;
			knownRegions = (
				en,
				Base,
			);
			mainGroup = 7775655C255DC63100919A2F;
			productRefGroup = 77756566255DC63100919A2F /* Products */;
			projectDirPath = "";
			projectRoot = "";
			targets = (
				77756564255DC63100919A2F /* ImageTextRecognition */,
				7775657A255DC63200919A2F /* ImageTextRecognitionTests */,
				77756585255DC63200919A2F /* ImageTextRecognitionUITests */,
			);
		};
/* End PBXProject section */

/* Begin PBXResourcesBuildPhase section */
		77756563255DC63100919A2F /* Resources */ = {
			isa = PBXResourcesBuildPhase;
			buildActionMask = 2147483647;
			files = (
				77756575255DC63200919A2F /* LaunchScreen.storyboard in Resources */,
				77756572255DC63200919A2F /* Assets.xcassets in Resources */,
				77756570255DC63100919A2F /* Main.storyboard in Resources */,
			);
			runOnlyForDeploymentPostprocessing = 0;
		};
		77756579255DC63200919A2F /* Resources */ = {
			isa = PBXResourcesBuildPhase;
			buildActionMask = 2147483647;
			files = (
			);
			runOnlyForDeploymentPostprocessing = 0;
		};
		77756584255DC63200919A2F /* Resources */ = {
			isa = PBXResourcesBuildPhase;
			buildActionMask = 2147483647;
			files = (
			);
			runOnlyForDeploymentPostprocessing = 0;
		};
/* End PBXResourcesBuildPhase section */

/* Begin PBXSourcesBuildPhase section */
		77756561255DC63100919A2F /* Sources */ = {
			isa = PBXSourcesBuildPhase;
			buildActionMask = 2147483647;
			files = (
				7709DB9B255EA7CA00D069FA /* Model.swift in Sources */,
				7775656D255DC63100919A2F /* ViewController.swift in Sources */,
				77756569255DC63100919A2F /* AppDelegate.swift in Sources */,
				7775656B255DC63100919A2F /* SceneDelegate.swift in Sources */,
				777565A2255DC72D00919A2F /* Alphanum_28x28.mlmodel in Sources */,
			);
			runOnlyForDeploymentPostprocessing = 0;
		};
		77756577255DC63200919A2F /* Sources */ = {
			isa = PBXSourcesBuildPhase;
			buildActionMask = 2147483647;
			files = (
				77756580255DC63200919A2F /* ImageTextRecognitionTests.swift in Sources */,
			);
			runOnlyForDeploymentPostprocessing = 0;
		};
		77756582255DC63200919A2F /* Sources */ = {
			isa = PBXSourcesBuildPhase;
			buildActionMask = 2147483647;
			files = (
				7775658B255DC63200919A2F /* ImageTextRecognitionUITests.swift in Sources */,
			);
			runOnlyForDeploymentPostprocessing = 0;
		};
/* End PBXSourcesBuildPhase section */

/* Begin PBXTargetDependency section */
		7775657D255DC63200919A2F /* PBXTargetDependency */ = {
			isa = PBXTargetDependency;
			target = 77756564255DC63100919A2F /* ImageTextRecognition */;
			targetProxy = 7775657C255DC63200919A2F /* PBXContainerItemProxy */;
		};
		77756588255DC63200919A2F /* PBXTargetDependency */ = {
			isa = PBXTargetDependency;
			target = 77756564255DC63100919A2F /* ImageTextRecognition */;
			targetProxy = 77756587255DC63200919A2F /* PBXContainerItemProxy */;
		};
/* End PBXTargetDependency section */

/* Begin PBXVariantGroup section */
		7775656E255DC63100919A2F /* Main.storyboard */ = {
			isa = PBXVariantGroup;
			children = (
				7775656F255DC63100919A2F /* Base */,
			);
			name = Main.storyboard;
			sourceTree = "<group>";
		};
		77756573255DC63200919A2F /* LaunchScreen.storyboard */ = {
			isa = PBXVariantGroup;
			children = (
				77756574255DC63200919A2F /* Base */,
			);
			name = LaunchScreen.storyboard;
			sourceTree = "<group>";
		};
/* End PBXVariantGroup section */

/* Begin XCBuildConfiguration section */
		7775658D255DC63200919A2F /* Debug */ = {
			isa = XCBuildConfiguration;
			buildSettings = {
				ALWAYS_SEARCH_USER_PATHS = NO;
				CLANG_ANALYZER_NONNULL = YES;
				CLANG_ANALYZER_NUMBER_OBJECT_CONVERSION = YES_AGGRESSIVE;
				CLANG_CXX_LANGUAGE_STANDARD = "gnu++14";
				CLANG_CXX_LIBRARY = "libc++";
				CLANG_ENABLE_MODULES = YES;
				CLANG_ENABLE_OBJC_ARC = YES;
				CLANG_ENABLE_OBJC_WEAK = YES;
				CLANG_WARN_BLOCK_CAPTURE_AUTORELEASING = YES;
				CLANG_WARN_BOOL_CONVERSION = YES;
				CLANG_WARN_COMMA = YES;
				CLANG_WARN_CONSTANT_CONVERSION = YES;
				CLANG_WARN_DEPRECATED_OBJC_IMPLEMENTATIONS = YES;
				CLANG_WARN_DIRECT_OBJC_ISA_USAGE = YES_ERROR;
				CLANG_WARN_DOCUMENTATION_COMMENTS = YES;
				CLANG_WARN_EMPTY_BODY = YES;
				CLANG_WARN_ENUM_CONVERSION = YES;
				CLANG_WARN_INFINITE_RECURSION = YES;
				CLANG_WARN_INT_CONVERSION = YES;
				CLANG_WARN_NON_LITERAL_NULL_CONVERSION = YES;
				CLANG_WARN_OBJC_IMPLICIT_RETAIN_SELF = YES;
				CLANG_WARN_OBJC_LITERAL_CONVERSION = YES;
				CLANG_WARN_OBJC_ROOT_CLASS = YES_ERROR;
				CLANG_WARN_QUOTED_INCLUDE_IN_FRAMEWORK_HEADER = YES;
				CLANG_WARN_RANGE_LOOP_ANALYSIS = YES;
				CLANG_WARN_STRICT_PROTOTYPES = YES;
				CLANG_WARN_SUSPICIOUS_MOVE = YES;
				CLANG_WARN_UNGUARDED_AVAILABILITY = YES_AGGRESSIVE;
				CLANG_WARN_UNREACHABLE_CODE = YES;
				CLANG_WARN__DUPLICATE_METHOD_MATCH = YES;
				COPY_PHASE_STRIP = NO;
				DEBUG_INFORMATION_FORMAT = dwarf;
				ENABLE_STRICT_OBJC_MSGSEND = YES;
				ENABLE_TESTABILITY = YES;
				GCC_C_LANGUAGE_STANDARD = gnu11;
				GCC_DYNAMIC_NO_PIC = NO;
				GCC_NO_COMMON_BLOCKS = YES;
				GCC_OPTIMIZATION_LEVEL = 0;
				GCC_PREPROCESSOR_DEFINITIONS = (
					"DEBUG=1",
					"$(inherited)",
				);
				GCC_WARN_64_TO_32_BIT_CONVERSION = YES;
				GCC_WARN_ABOUT_RETURN_TYPE = YES_ERROR;
				GCC_WARN_UNDECLARED_SELECTOR = YES;
				GCC_WARN_UNINITIALIZED_AUTOS = YES_AGGRESSIVE;
				GCC_WARN_UNUSED_FUNCTION = YES;
				GCC_WARN_UNUSED_VARIABLE = YES;
				IPHONEOS_DEPLOYMENT_TARGET = 14.0;
				MTL_ENABLE_DEBUG_INFO = INCLUDE_SOURCE;
				MTL_FAST_MATH = YES;
				ONLY_ACTIVE_ARCH = YES;
				SDKROOT = iphoneos;
				SWIFT_ACTIVE_COMPILATION_CONDITIONS = DEBUG;
				SWIFT_OPTIMIZATION_LEVEL = "-Onone";
			};
			name = Debug;
		};
		7775658E255DC63200919A2F /* Release */ = {
			isa = XCBuildConfiguration;
			buildSettings = {
				ALWAYS_SEARCH_USER_PATHS = NO;
				CLANG_ANALYZER_NONNULL = YES;
				CLANG_ANALYZER_NUMBER_OBJECT_CONVERSION = YES_AGGRESSIVE;
				CLANG_CXX_LANGUAGE_STANDARD = "gnu++14";
				CLANG_CXX_LIBRARY = "libc++";
				CLANG_ENABLE_MODULES = YES;
				CLANG_ENABLE_OBJC_ARC = YES;
				CLANG_ENABLE_OBJC_WEAK = YES;
				CLANG_WARN_BLOCK_CAPTURE_AUTORELEASING = YES;
				CLANG_WARN_BOOL_CONVERSION = YES;
				CLANG_WARN_COMMA = YES;
				CLANG_WARN_CONSTANT_CONVERSION = YES;
				CLANG_WARN_DEPRECATED_OBJC_IMPLEMENTATIONS = YES;
				CLANG_WARN_DIRECT_OBJC_ISA_USAGE = YES_ERROR;
				CLANG_WARN_DOCUMENTATION_COMMENTS = YES;
				CLANG_WARN_EMPTY_BODY = YES;
				CLANG_WARN_ENUM_CONVERSION = YES;
				CLANG_WARN_INFINITE_RECURSION = YES;
				CLANG_WARN_INT_CONVERSION = YES;
				CLANG_WARN_NON_LITERAL_NULL_CONVERSION = YES;
				CLANG_WARN_OBJC_IMPLICIT_RETAIN_SELF = YES;
				CLANG_WARN_OBJC_LITERAL_CONVERSION = YES;
				CLANG_WARN_OBJC_ROOT_CLASS = YES_ERROR;
				CLANG_WARN_QUOTED_INCLUDE_IN_FRAMEWORK_HEADER = YES;
				CLANG_WARN_RANGE_LOOP_ANALYSIS = YES;
				CLANG_WARN_STRICT_PROTOTYPES = YES;
				CLANG_WARN_SUSPICIOUS_MOVE = YES;
				CLANG_WARN_UNGUARDED_AVAILABILITY = YES_AGGRESSIVE;
				CLANG_WARN_UNREACHABLE_CODE = YES;
				CLANG_WARN__DUPLICATE_METHOD_MATCH = YES;
				COPY_PHASE_STRIP = NO;
				DEBUG_INFORMATION_FORMAT = "dwarf-with-dsym";
				ENABLE_NS_ASSERTIONS = NO;
				ENABLE_STRICT_OBJC_MSGSEND = YES;
				GCC_C_LANGUAGE_STANDARD = gnu11;
				GCC_NO_COMMON_BLOCKS = YES;
				GCC_WARN_64_TO_32_BIT_CONVERSION = YES;
				GCC_WARN_ABOUT_RETURN_TYPE = YES_ERROR;
				GCC_WARN_UNDECLARED_SELECTOR = YES;
				GCC_WARN_UNINITIALIZED_AUTOS = YES_AGGRESSIVE;
				GCC_WARN_UNUSED_FUNCTION = YES;
				GCC_WARN_UNUSED_VARIABLE = YES;
				IPHONEOS_DEPLOYMENT_TARGET = 14.0;
				MTL_ENABLE_DEBUG_INFO = NO;
				MTL_FAST_MATH = YES;
				SDKROOT = iphoneos;
				SWIFT_COMPILATION_MODE = wholemodule;
				SWIFT_OPTIMIZATION_LEVEL = "-O";
				VALIDATE_PRODUCT = YES;
			};
			name = Release;
		};
		77756590255DC63200919A2F /* Debug */ = {
			isa = XCBuildConfiguration;
			buildSettings = {
				ASSETCATALOG_COMPILER_APPICON_NAME = AppIcon;
				ASSETCATALOG_COMPILER_GLOBAL_ACCENT_COLOR_NAME = AccentColor;
				CODE_SIGN_STYLE = Automatic;
				DEVELOPMENT_TEAM = 69Y77S7YQP;
				INFOPLIST_FILE = ImageTextRecognition/Info.plist;
				LD_RUNPATH_SEARCH_PATHS = (
					"$(inherited)",
					"@executable_path/Frameworks",
				);
				PRODUCT_BUNDLE_IDENTIFIER = com.ronaldoGomes.ImageTextRecognition;
				PRODUCT_NAME = "$(TARGET_NAME)";
				SWIFT_VERSION = 5.0;
				TARGETED_DEVICE_FAMILY = "1,2";
			};
			name = Debug;
		};
		77756591255DC63200919A2F /* Release */ = {
			isa = XCBuildConfiguration;
			buildSettings = {
				ASSETCATALOG_COMPILER_APPICON_NAME = AppIcon;
				ASSETCATALOG_COMPILER_GLOBAL_ACCENT_COLOR_NAME = AccentColor;
				CODE_SIGN_STYLE = Automatic;
				DEVELOPMENT_TEAM = 69Y77S7YQP;
				INFOPLIST_FILE = ImageTextRecognition/Info.plist;
				LD_RUNPATH_SEARCH_PATHS = (
					"$(inherited)",
					"@executable_path/Frameworks",
				);
				PRODUCT_BUNDLE_IDENTIFIER = com.ronaldoGomes.ImageTextRecognition;
				PRODUCT_NAME = "$(TARGET_NAME)";
				SWIFT_VERSION = 5.0;
				TARGETED_DEVICE_FAMILY = "1,2";
			};
			name = Release;
		};
		77756593255DC63200919A2F /* Debug */ = {
			isa = XCBuildConfiguration;
			buildSettings = {
				ALWAYS_EMBED_SWIFT_STANDARD_LIBRARIES = YES;
				BUNDLE_LOADER = "$(TEST_HOST)";
				CODE_SIGN_STYLE = Automatic;
				DEVELOPMENT_TEAM = 69Y77S7YQP;
				INFOPLIST_FILE = ImageTextRecognitionTests/Info.plist;
				IPHONEOS_DEPLOYMENT_TARGET = 14.1;
				LD_RUNPATH_SEARCH_PATHS = (
					"$(inherited)",
					"@executable_path/Frameworks",
					"@loader_path/Frameworks",
				);
				PRODUCT_BUNDLE_IDENTIFIER = com.ronaldoGomes.ImageTextRecognitionTests;
				PRODUCT_NAME = "$(TARGET_NAME)";
				SWIFT_VERSION = 5.0;
				TARGETED_DEVICE_FAMILY = "1,2";
				TEST_HOST = "$(BUILT_PRODUCTS_DIR)/ImageTextRecognition.app/ImageTextRecognition";
			};
			name = Debug;
		};
		77756594255DC63200919A2F /* Release */ = {
			isa = XCBuildConfiguration;
			buildSettings = {
				ALWAYS_EMBED_SWIFT_STANDARD_LIBRARIES = YES;
				BUNDLE_LOADER = "$(TEST_HOST)";
				CODE_SIGN_STYLE = Automatic;
				DEVELOPMENT_TEAM = 69Y77S7YQP;
				INFOPLIST_FILE = ImageTextRecognitionTests/Info.plist;
				IPHONEOS_DEPLOYMENT_TARGET = 14.1;
				LD_RUNPATH_SEARCH_PATHS = (
					"$(inherited)",
					"@executable_path/Frameworks",
					"@loader_path/Frameworks",
				);
				PRODUCT_BUNDLE_IDENTIFIER = com.ronaldoGomes.ImageTextRecognitionTests;
				PRODUCT_NAME = "$(TARGET_NAME)";
				SWIFT_VERSION = 5.0;
				TARGETED_DEVICE_FAMILY = "1,2";
				TEST_HOST = "$(BUILT_PRODUCTS_DIR)/ImageTextRecognition.app/ImageTextRecognition";
			};
			name = Release;
		};
		77756596255DC63200919A2F /* Debug */ = {
			isa = XCBuildConfiguration;
			buildSettings = {
				ALWAYS_EMBED_SWIFT_STANDARD_LIBRARIES = YES;
				CODE_SIGN_STYLE = Automatic;
				DEVELOPMENT_TEAM = 69Y77S7YQP;
				INFOPLIST_FILE = ImageTextRecognitionUITests/Info.plist;
				LD_RUNPATH_SEARCH_PATHS = (
					"$(inherited)",
					"@executable_path/Frameworks",
					"@loader_path/Frameworks",
				);
				PRODUCT_BUNDLE_IDENTIFIER = com.ronaldoGomes.ImageTextRecognitionUITests;
				PRODUCT_NAME = "$(TARGET_NAME)";
				SWIFT_VERSION = 5.0;
				TARGETED_DEVICE_FAMILY = "1,2";
				TEST_TARGET_NAME = ImageTextRecognition;
			};
			name = Debug;
		};
		77756597255DC63200919A2F /* Release */ = {
			isa = XCBuildConfiguration;
			buildSettings = {
				ALWAYS_EMBED_SWIFT_STANDARD_LIBRARIES = YES;
				CODE_SIGN_STYLE = Automatic;
				DEVELOPMENT_TEAM = 69Y77S7YQP;
				INFOPLIST_FILE = ImageTextRecognitionUITests/Info.plist;
				LD_RUNPATH_SEARCH_PATHS = (
					"$(inherited)",
					"@executable_path/Frameworks",
					"@loader_path/Frameworks",
				);
				PRODUCT_BUNDLE_IDENTIFIER = com.ronaldoGomes.ImageTextRecognitionUITests;
				PRODUCT_NAME = "$(TARGET_NAME)";
				SWIFT_VERSION = 5.0;
				TARGETED_DEVICE_FAMILY = "1,2";
				TEST_TARGET_NAME = ImageTextRecognition;
			};
			name = Release;
		};
/* End XCBuildConfiguration section */

/* Begin XCConfigurationList section */
		77756560255DC63100919A2F /* Build configuration list for PBXProject "ImageTextRecognition" */ = {
			isa = XCConfigurationList;
			buildConfigurations = (
				7775658D255DC63200919A2F /* Debug */,
				7775658E255DC63200919A2F /* Release */,
			);
			defaultConfigurationIsVisible = 0;
			defaultConfigurationName = Release;
		};
		7775658F255DC63200919A2F /* Build configuration list for PBXNativeTarget "ImageTextRecognition" */ = {
			isa = XCConfigurationList;
			buildConfigurations = (
				77756590255DC63200919A2F /* Debug */,
				77756591255DC63200919A2F /* Release */,
			);
			defaultConfigurationIsVisible = 0;
			defaultConfigurationName = Release;
		};
		77756592255DC63200919A2F /* Build configuration list for PBXNativeTarget "ImageTextRecognitionTests" */ = {
			isa = XCConfigurationList;
			buildConfigurations = (
				77756593255DC63200919A2F /* Debug */,
				77756594255DC63200919A2F /* Release */,
			);
			defaultConfigurationIsVisible = 0;
			defaultConfigurationName = Release;
		};
		77756595255DC63200919A2F /* Build configuration list for PBXNativeTarget "ImageTextRecognitionUITests" */ = {
			isa = XCConfigurationList;
			buildConfigurations = (
				77756596255DC63200919A2F /* Debug */,
				77756597255DC63200919A2F /* Release */,
			);
			defaultConfigurationIsVisible = 0;
			defaultConfigurationName = Release;
		};
/* End XCConfigurationList section */
	};
	rootObject = 7775655D255DC63100919A2F /* Project object */;
}
