// !$*UTF8*$!
{
	archiveVersion = 1;
	classes = {
	};
	objectVersion = 51;
	objects = {

/* Begin PBXBuildFile section */
		773F3EBB25AE70B0002DDD08 /* TweetSentimentClassifier.mlmodel in Sources */ = {isa = PBXBuildFile; fileRef = 773F3EBA25AE70B0002DDD08 /* TweetSentimentClassifier.mlmodel */; };
		77903FD925DC621300E26937 /* SwifteriOS.framework in Embed Frameworks */ = {isa = PBXBuildFile; fileRef = 77903FC725DC616500E26937 /* SwifteriOS.framework */; settings = {ATTRIBUTES = (CodeSignOnCopy, RemoveHeadersOnCopy, ); }; };
		AD9EC65020FE2EF4002AE9BF /* AppDelegate.swift in Sources */ = {isa = PBXBuildFile; fileRef = AD9EC64F20FE2EF4002AE9BF /* AppDelegate.swift */; };
		AD9EC65220FE2EF4002AE9BF /* ViewController.swift in Sources */ = {isa = PBXBuildFile; fileRef = AD9EC65120FE2EF4002AE9BF /* ViewController.swift */; };
		AD9EC65520FE2EF4002AE9BF /* Main.storyboard in Resources */ = {isa = PBXBuildFile; fileRef = AD9EC65320FE2EF4002AE9BF /* Main.storyboard */; };
		AD9EC65720FE2EF7002AE9BF /* Assets.xcassets in Resources */ = {isa = PBXBuildFile; fileRef = AD9EC65620FE2EF7002AE9BF /* Assets.xcassets */; };
		AD9EC65A20FE2EF7002AE9BF /* LaunchScreen.storyboard in Resources */ = {isa = PBXBuildFile; fileRef = AD9EC65820FE2EF7002AE9BF /* LaunchScreen.storyboard */; };
		FB19C8BA493BC18842A330A4 /* Pods_Twittermenti.framework in Frameworks */ = {isa = PBXBuildFile; fileRef = 6D2AD38727A4795F8C9FB354 /* Pods_Twittermenti.framework */; };
/* End PBXBuildFile section */

/* Begin PBXContainerItemProxy section */
		77903FC625DC616500E26937 /* PBXContainerItemProxy */ = {
			isa = PBXContainerItemProxy;
			containerPortal = 77903FBE25DC616500E26937 /* Swifter.xcodeproj */;
			proxyType = 2;
			remoteGlobalIDString = 8B9F50EE1944A5AB00894629;
			remoteInfo = SwifteriOS;
		};
		77903FC825DC616500E26937 /* PBXContainerItemProxy */ = {
			isa = PBXContainerItemProxy;
			containerPortal = 77903FBE25DC616500E26937 /* Swifter.xcodeproj */;
			proxyType = 2;
			remoteGlobalIDString = 8B9F51131944A61D00894629;
			remoteInfo = SwifterMac;
		};
		77903FCA25DC616500E26937 /* PBXContainerItemProxy */ = {
			isa = PBXContainerItemProxy;
			containerPortal = 77903FBE25DC616500E26937 /* Swifter.xcodeproj */;
			proxyType = 2;
			remoteGlobalIDString = 8B300C1F1944AA1A00993175;
			remoteInfo = SwifterDemoiOS;
		};
		77903FCC25DC616500E26937 /* PBXContainerItemProxy */ = {
			isa = PBXContainerItemProxy;
			containerPortal = 77903FBE25DC616500E26937 /* Swifter.xcodeproj */;
			proxyType = 2;
			remoteGlobalIDString = 8B300C471944AECB00993175;
			remoteInfo = SwifterDemoMac;
		};
		77903FCE25DC616500E26937 /* PBXContainerItemProxy */ = {
			isa = PBXContainerItemProxy;
			containerPortal = 77903FBE25DC616500E26937 /* Swifter.xcodeproj */;
			proxyType = 2;
			remoteGlobalIDString = F6B4D5751C7BAC4500E06514;
			remoteInfo = SwifterTests;
		};
/* End PBXContainerItemProxy section */

/* Begin PBXCopyFilesBuildPhase section */
		7711A5B825AF2CA5007D5107 /* Embed Frameworks */ = {
			isa = PBXCopyFilesBuildPhase;
			buildActionMask = 2147483647;
			dstPath = "";
			dstSubfolderSpec = 10;
			files = (
				77903FD925DC621300E26937 /* SwifteriOS.framework in Embed Frameworks */,
			);
			name = "Embed Frameworks";
			runOnlyForDeploymentPostprocessing = 0;
		};
/* End PBXCopyFilesBuildPhase section */

/* Begin PBXFileReference section */
		6D2AD38727A4795F8C9FB354 /* Pods_Twittermenti.framework */ = {isa = PBXFileReference; explicitFileType = wrapper.framework; includeInIndex = 0; path = Pods_Twittermenti.framework; sourceTree = BUILT_PRODUCTS_DIR; };
		773F3EBA25AE70B0002DDD08 /* TweetSentimentClassifier.mlmodel */ = {isa = PBXFileReference; lastKnownFileType = file.mlmodel; path = TweetSentimentClassifier.mlmodel; sourceTree = SOURCE_ROOT; };
		77903FBE25DC616500E26937 /* Swifter.xcodeproj */ = {isa = PBXFileReference; lastKnownFileType = "wrapper.pb-project"; name = Swifter.xcodeproj; path = "Swifter-master/Swifter.xcodeproj"; sourceTree = "<group>"; };
		AD9EC64C20FE2EF4002AE9BF /* Twittermenti.app */ = {isa = PBXFileReference; explicitFileType = wrapper.application; includeInIndex = 0; path = Twittermenti.app; sourceTree = BUILT_PRODUCTS_DIR; };
		AD9EC64F20FE2EF4002AE9BF /* AppDelegate.swift */ = {isa = PBXFileReference; lastKnownFileType = sourcecode.swift; path = AppDelegate.swift; sourceTree = "<group>"; };
		AD9EC65120FE2EF4002AE9BF /* ViewController.swift */ = {isa = PBXFileReference; lastKnownFileType = sourcecode.swift; path = ViewController.swift; sourceTree = "<group>"; };
		AD9EC65420FE2EF4002AE9BF /* Base */ = {isa = PBXFileReference; lastKnownFileType = file.storyboard; name = Base; path = Base.lproj/Main.storyboard; sourceTree = "<group>"; };
		AD9EC65620FE2EF7002AE9BF /* Assets.xcassets */ = {isa = PBXFileReference; lastKnownFileType = folder.assetcatalog; path = Assets.xcassets; sourceTree = "<group>"; };
		AD9EC65920FE2EF7002AE9BF /* Base */ = {isa = PBXFileReference; lastKnownFileType = file.storyboard; name = Base; path = Base.lproj/LaunchScreen.storyboard; sourceTree = "<group>"; };
		AD9EC65B20FE2EF7002AE9BF /* Info.plist */ = {isa = PBXFileReference; lastKnownFileType = text.plist.xml; path = Info.plist; sourceTree = "<group>"; };
		B12DC92E2B681B33A9E1A767 /* Pods-Twittermenti.release.xcconfig */ = {isa = PBXFileReference; includeInIndex = 1; lastKnownFileType = text.xcconfig; name = "Pods-Twittermenti.release.xcconfig"; path = "Target Support Files/Pods-Twittermenti/Pods-Twittermenti.release.xcconfig"; sourceTree = "<group>"; };
		B998C95AD610A43A721DFE3A /* Pods-Twittermenti.debug.xcconfig */ = {isa = PBXFileReference; includeInIndex = 1; lastKnownFileType = text.xcconfig; name = "Pods-Twittermenti.debug.xcconfig"; path = "Target Support Files/Pods-Twittermenti/Pods-Twittermenti.debug.xcconfig"; sourceTree = "<group>"; };
/* End PBXFileReference section */

/* Begin PBXFrameworksBuildPhase section */
		AD9EC64920FE2EF4002AE9BF /* Frameworks */ = {
			isa = PBXFrameworksBuildPhase;
			buildActionMask = 2147483647;
			files = (
				FB19C8BA493BC18842A330A4 /* Pods_Twittermenti.framework in Frameworks */,
			);
			runOnlyForDeploymentPostprocessing = 0;
		};
/* End PBXFrameworksBuildPhase section */

/* Begin PBXGroup section */
		7711A5B525AF2CA5007D5107 /* Frameworks */ = {
			isa = PBXGroup;
			children = (
				6D2AD38727A4795F8C9FB354 /* Pods_Twittermenti.framework */,
			);
			name = Frameworks;
			sourceTree = "<group>";
		};
		77903FBF25DC616500E26937 /* Products */ = {
			isa = PBXGroup;
			children = (
				77903FC725DC616500E26937 /* SwifteriOS.framework */,
				77903FC925DC616500E26937 /* SwifterMac.framework */,
				77903FCB25DC616500E26937 /* SwifterDemoiOS.app */,
				77903FCD25DC616500E26937 /* SwifterDemoMac.app */,
				77903FCF25DC616500E26937 /* SwifterTests.xctest */,
			);
			name = Products;
			sourceTree = "<group>";
		};
		AD9EC64320FE2EF4002AE9BF = {
			isa = PBXGroup;
			children = (
				77903FBE25DC616500E26937 /* Swifter.xcodeproj */,
				AD9EC64E20FE2EF4002AE9BF /* Twittermenti */,
				AD9EC64D20FE2EF4002AE9BF /* Products */,
				7711A5B525AF2CA5007D5107 /* Frameworks */,
				B2860E7CE1443F337E18F4BC /* Pods */,
			);
			sourceTree = "<group>";
		};
		AD9EC64D20FE2EF4002AE9BF /* Products */ = {
			isa = PBXGroup;
			children = (
				AD9EC64C20FE2EF4002AE9BF /* Twittermenti.app */,
			);
			name = Products;
			sourceTree = "<group>";
		};
		AD9EC64E20FE2EF4002AE9BF /* Twittermenti */ = {
			isa = PBXGroup;
			children = (
				AD9EC64F20FE2EF4002AE9BF /* AppDelegate.swift */,
				773F3EBA25AE70B0002DDD08 /* TweetSentimentClassifier.mlmodel */,
				AD9EC65120FE2EF4002AE9BF /* ViewController.swift */,
				AD9EC65320FE2EF4002AE9BF /* Main.storyboard */,
				AD9EC65620FE2EF7002AE9BF /* Assets.xcassets */,
				AD9EC65820FE2EF7002AE9BF /* LaunchScreen.storyboard */,
				AD9EC65B20FE2EF7002AE9BF /* Info.plist */,
			);
			path = Twittermenti;
			sourceTree = "<group>";
		};
		B2860E7CE1443F337E18F4BC /* Pods */ = {
			isa = PBXGroup;
			children = (
				B998C95AD610A43A721DFE3A /* Pods-Twittermenti.debug.xcconfig */,
				B12DC92E2B681B33A9E1A767 /* Pods-Twittermenti.release.xcconfig */,
			);
			path = Pods;
			sourceTree = "<group>";
		};
/* End PBXGroup section */

/* Begin PBXNativeTarget section */
		AD9EC64B20FE2EF4002AE9BF /* Twittermenti */ = {
			isa = PBXNativeTarget;
			buildConfigurationList = AD9EC65E20FE2EF7002AE9BF /* Build configuration list for PBXNativeTarget "Twittermenti" */;
			buildPhases = (
				21D0921D1AE77AF06553FEDD /* [CP] Check Pods Manifest.lock */,
				AD9EC64820FE2EF4002AE9BF /* Sources */,
				AD9EC64920FE2EF4002AE9BF /* Frameworks */,
				AD9EC64A20FE2EF4002AE9BF /* Resources */,
				7711A5B825AF2CA5007D5107 /* Embed Frameworks */,
				8B0D04172A9F099A5E864A0E /* [CP] Embed Pods Frameworks */,
			);
			buildRules = (
			);
			dependencies = (
			);
			name = Twittermenti;
			productName = Twittermenti;
			productReference = AD9EC64C20FE2EF4002AE9BF /* Twittermenti.app */;
			productType = "com.apple.product-type.application";
		};
/* End PBXNativeTarget section */

/* Begin PBXProject section */
		AD9EC64420FE2EF4002AE9BF /* Project object */ = {
			isa = PBXProject;
			attributes = {
				LastSwiftUpdateCheck = 1000;
				LastUpgradeCheck = 1230;
				ORGANIZATIONNAME = "London App Brewery";
				TargetAttributes = {
					AD9EC64B20FE2EF4002AE9BF = {
						CreatedOnToolsVersion = 10.0;
						LastSwiftMigration = 1230;
					};
				};
			};
			buildConfigurationList = AD9EC64720FE2EF4002AE9BF /* Build configuration list for PBXProject "Twittermenti" */;
			compatibilityVersion = "Xcode 9.3";
			developmentRegion = en;
			hasScannedForEncodings = 0;
			knownRegions = (
				en,
				Base,
			);
			mainGroup = AD9EC64320FE2EF4002AE9BF;
			productRefGroup = AD9EC64D20FE2EF4002AE9BF /* Products */;
			projectDirPath = "";
			projectReferences = (
				{
					ProductGroup = 77903FBF25DC616500E26937 /* Products */;
					ProjectRef = 77903FBE25DC616500E26937 /* Swifter.xcodeproj */;
				},
			);
			projectRoot = "";
			targets = (
				AD9EC64B20FE2EF4002AE9BF /* Twittermenti */,
			);
		};
/* End PBXProject section */

/* Begin PBXReferenceProxy section */
		77903FC725DC616500E26937 /* SwifteriOS.framework */ = {
			isa = PBXReferenceProxy;
			fileType = wrapper.framework;
			path = SwifteriOS.framework;
			remoteRef = 77903FC625DC616500E26937 /* PBXContainerItemProxy */;
			sourceTree = BUILT_PRODUCTS_DIR;
		};
		77903FC925DC616500E26937 /* SwifterMac.framework */ = {
			isa = PBXReferenceProxy;
			fileType = wrapper.framework;
			path = SwifterMac.framework;
			remoteRef = 77903FC825DC616500E26937 /* PBXContainerItemProxy */;
			sourceTree = BUILT_PRODUCTS_DIR;
		};
		77903FCB25DC616500E26937 /* SwifterDemoiOS.app */ = {
			isa = PBXReferenceProxy;
			fileType = wrapper.application;
			path = SwifterDemoiOS.app;
			remoteRef = 77903FCA25DC616500E26937 /* PBXContainerItemProxy */;
			sourceTree = BUILT_PRODUCTS_DIR;
		};
		77903FCD25DC616500E26937 /* SwifterDemoMac.app */ = {
			isa = PBXReferenceProxy;
			fileType = wrapper.application;
			path = SwifterDemoMac.app;
			remoteRef = 77903FCC25DC616500E26937 /* PBXContainerItemProxy */;
			sourceTree = BUILT_PRODUCTS_DIR;
		};
		77903FCF25DC616500E26937 /* SwifterTests.xctest */ = {
			isa = PBXReferenceProxy;
			fileType = wrapper.cfbundle;
			path = SwifterTests.xctest;
			remoteRef = 77903FCE25DC616500E26937 /* PBXContainerItemProxy */;
			sourceTree = BUILT_PRODUCTS_DIR;
		};
/* End PBXReferenceProxy section */

/* Begin PBXResourcesBuildPhase section */
		AD9EC64A20FE2EF4002AE9BF /* Resources */ = {
			isa = PBXResourcesBuildPhase;
			buildActionMask = 2147483647;
			files = (
				AD9EC65A20FE2EF7002AE9BF /* LaunchScreen.storyboard in Resources */,
				AD9EC65720FE2EF7002AE9BF /* Assets.xcassets in Resources */,
				AD9EC65520FE2EF4002AE9BF /* Main.storyboard in Resources */,
			);
			runOnlyForDeploymentPostprocessing = 0;
		};
/* End PBXResourcesBuildPhase section */

/* Begin PBXShellScriptBuildPhase section */
		21D0921D1AE77AF06553FEDD /* [CP] Check Pods Manifest.lock */ = {
			isa = PBXShellScriptBuildPhase;
			buildActionMask = 2147483647;
			files = (
			);
			inputFileListPaths = (
			);
			inputPaths = (
				"${PODS_PODFILE_DIR_PATH}/Podfile.lock",
				"${PODS_ROOT}/Manifest.lock",
			);
			name = "[CP] Check Pods Manifest.lock";
			outputFileListPaths = (
			);
			outputPaths = (
				"$(DERIVED_FILE_DIR)/Pods-Twittermenti-checkManifestLockResult.txt",
			);
			runOnlyForDeploymentPostprocessing = 0;
			shellPath = /bin/sh;
			shellScript = "diff \"${PODS_PODFILE_DIR_PATH}/Podfile.lock\" \"${PODS_ROOT}/Manifest.lock\" > /dev/null\nif [ $? != 0 ] ; then\n    # print error to STDERR\n    echo \"error: The sandbox is not in sync with the Podfile.lock. Run 'pod install' or update your CocoaPods installation.\" >&2\n    exit 1\nfi\n# This output is used by Xcode 'outputs' to avoid re-running this script phase.\necho \"SUCCESS\" > \"${SCRIPT_OUTPUT_FILE_0}\"\n";
			showEnvVarsInLog = 0;
		};
		8B0D04172A9F099A5E864A0E /* [CP] Embed Pods Frameworks */ = {
			isa = PBXShellScriptBuildPhase;
			buildActionMask = 2147483647;
			files = (
			);
			inputFileListPaths = (
				"${PODS_ROOT}/Target Support Files/Pods-Twittermenti/Pods-Twittermenti-frameworks-${CONFIGURATION}-input-files.xcfilelist",
			);
			name = "[CP] Embed Pods Frameworks";
			outputFileListPaths = (
				"${PODS_ROOT}/Target Support Files/Pods-Twittermenti/Pods-Twittermenti-frameworks-${CONFIGURATION}-output-files.xcfilelist",
			);
			runOnlyForDeploymentPostprocessing = 0;
			shellPath = /bin/sh;
			shellScript = "\"${PODS_ROOT}/Target Support Files/Pods-Twittermenti/Pods-Twittermenti-frameworks.sh\"\n";
			showEnvVarsInLog = 0;
		};
/* End PBXShellScriptBuildPhase section */

/* Begin PBXSourcesBuildPhase section */
		AD9EC64820FE2EF4002AE9BF /* Sources */ = {
			isa = PBXSourcesBuildPhase;
			buildActionMask = 2147483647;
			files = (
				773F3EBB25AE70B0002DDD08 /* TweetSentimentClassifier.mlmodel in Sources */,
				AD9EC65220FE2EF4002AE9BF /* ViewController.swift in Sources */,
				AD9EC65020FE2EF4002AE9BF /* AppDelegate.swift in Sources */,
			);
			runOnlyForDeploymentPostprocessing = 0;
		};
/* End PBXSourcesBuildPhase section */

/* Begin PBXVariantGroup section */
		AD9EC65320FE2EF4002AE9BF /* Main.storyboard */ = {
			isa = PBXVariantGroup;
			children = (
				AD9EC65420FE2EF4002AE9BF /* Base */,
			);
			name = Main.storyboard;
			sourceTree = "<group>";
		};
		AD9EC65820FE2EF7002AE9BF /* LaunchScreen.storyboard */ = {
			isa = PBXVariantGroup;
			children = (
				AD9EC65920FE2EF7002AE9BF /* Base */,
			);
			name = LaunchScreen.storyboard;
			sourceTree = "<group>";
		};
/* End PBXVariantGroup section */

/* Begin XCBuildConfiguration section */
		AD9EC65C20FE2EF7002AE9BF /* Debug */ = {
			isa = XCBuildConfiguration;
			buildSettings = {
				ALWAYS_SEARCH_USER_PATHS = NO;
				CLANG_ANALYZER_NONNULL = YES;
				CLANG_ANALYZER_NUMBER_OBJECT_CONVERSION = YES_AGGRESSIVE;
				CLANG_CXX_LANGUAGE_STANDARD = "gnu++14";
				CLANG_CXX_LIBRARY = "libc++";
				CLANG_ENABLE_MODULES = YES;
				CLANG_ENABLE_OBJC_ARC = YES;
				CLANG_ENABLE_OBJC_WEAK = YES;
				CLANG_WARN_BLOCK_CAPTURE_AUTORELEASING = YES;
				CLANG_WARN_BOOL_CONVERSION = YES;
				CLANG_WARN_COMMA = YES;
				CLANG_WARN_CONSTANT_CONVERSION = YES;
				CLANG_WARN_DEPRECATED_OBJC_IMPLEMENTATIONS = YES;
				CLANG_WARN_DIRECT_OBJC_ISA_USAGE = YES_ERROR;
				CLANG_WARN_DOCUMENTATION_COMMENTS = YES;
				CLANG_WARN_EMPTY_BODY = YES;
				CLANG_WARN_ENUM_CONVERSION = YES;
				CLANG_WARN_INFINITE_RECURSION = YES;
				CLANG_WARN_INT_CONVERSION = YES;
				CLANG_WARN_NON_LITERAL_NULL_CONVERSION = YES;
				CLANG_WARN_OBJC_IMPLICIT_RETAIN_SELF = YES;
				CLANG_WARN_OBJC_LITERAL_CONVERSION = YES;
				CLANG_WARN_OBJC_ROOT_CLASS = YES_ERROR;
				CLANG_WARN_QUOTED_INCLUDE_IN_FRAMEWORK_HEADER = YES;
				CLANG_WARN_RANGE_LOOP_ANALYSIS = YES;
				CLANG_WARN_STRICT_PROTOTYPES = YES;
				CLANG_WARN_SUSPICIOUS_MOVE = YES;
				CLANG_WARN_UNGUARDED_AVAILABILITY = YES_AGGRESSIVE;
				CLANG_WARN_UNREACHABLE_CODE = YES;
				CLANG_WARN__DUPLICATE_METHOD_MATCH = YES;
				CODE_SIGN_IDENTITY = "iPhone Developer";
				COPY_PHASE_STRIP = NO;
				DEBUG_INFORMATION_FORMAT = dwarf;
				ENABLE_STRICT_OBJC_MSGSEND = YES;
				ENABLE_TESTABILITY = YES;
				GCC_C_LANGUAGE_STANDARD = gnu11;
				GCC_DYNAMIC_NO_PIC = NO;
				GCC_NO_COMMON_BLOCKS = YES;
				GCC_OPTIMIZATION_LEVEL = 0;
				GCC_PREPROCESSOR_DEFINITIONS = (
					"DEBUG=1",
					"$(inherited)",
				);
				GCC_WARN_64_TO_32_BIT_CONVERSION = YES;
				GCC_WARN_ABOUT_RETURN_TYPE = YES_ERROR;
				GCC_WARN_UNDECLARED_SELECTOR = YES;
				GCC_WARN_UNINITIALIZED_AUTOS = YES_AGGRESSIVE;
				GCC_WARN_UNUSED_FUNCTION = YES;
				GCC_WARN_UNUSED_VARIABLE = YES;
				IPHONEOS_DEPLOYMENT_TARGET = 14.0;
				MTL_ENABLE_DEBUG_INFO = INCLUDE_SOURCE;
				MTL_FAST_MATH = YES;
				ONLY_ACTIVE_ARCH = YES;
				SDKROOT = iphoneos;
				SWIFT_ACTIVE_COMPILATION_CONDITIONS = DEBUG;
				SWIFT_OPTIMIZATION_LEVEL = "-Onone";
			};
			name = Debug;
		};
		AD9EC65D20FE2EF7002AE9BF /* Release */ = {
			isa = XCBuildConfiguration;
			buildSettings = {
				ALWAYS_SEARCH_USER_PATHS = NO;
				CLANG_ANALYZER_NONNULL = YES;
				CLANG_ANALYZER_NUMBER_OBJECT_CONVERSION = YES_AGGRESSIVE;
				CLANG_CXX_LANGUAGE_STANDARD = "gnu++14";
				CLANG_CXX_LIBRARY = "libc++";
				CLANG_ENABLE_MODULES = YES;
				CLANG_ENABLE_OBJC_ARC = YES;
				CLANG_ENABLE_OBJC_WEAK = YES;
				CLANG_WARN_BLOCK_CAPTURE_AUTORELEASING = YES;
				CLANG_WARN_BOOL_CONVERSION = YES;
				CLANG_WARN_COMMA = YES;
				CLANG_WARN_CONSTANT_CONVERSION = YES;
				CLANG_WARN_DEPRECATED_OBJC_IMPLEMENTATIONS = YES;
				CLANG_WARN_DIRECT_OBJC_ISA_USAGE = YES_ERROR;
				CLANG_WARN_DOCUMENTATION_COMMENTS = YES;
				CLANG_WARN_EMPTY_BODY = YES;
				CLANG_WARN_ENUM_CONVERSION = YES;
				CLANG_WARN_INFINITE_RECURSION = YES;
				CLANG_WARN_INT_CONVERSION = YES;
				CLANG_WARN_NON_LITERAL_NULL_CONVERSION = YES;
				CLANG_WARN_OBJC_IMPLICIT_RETAIN_SELF = YES;
				CLANG_WARN_OBJC_LITERAL_CONVERSION = YES;
				CLANG_WARN_OBJC_ROOT_CLASS = YES_ERROR;
				CLANG_WARN_QUOTED_INCLUDE_IN_FRAMEWORK_HEADER = YES;
				CLANG_WARN_RANGE_LOOP_ANALYSIS = YES;
				CLANG_WARN_STRICT_PROTOTYPES = YES;
				CLANG_WARN_SUSPICIOUS_MOVE = YES;
				CLANG_WARN_UNGUARDED_AVAILABILITY = YES_AGGRESSIVE;
				CLANG_WARN_UNREACHABLE_CODE = YES;
				CLANG_WARN__DUPLICATE_METHOD_MATCH = YES;
				CODE_SIGN_IDENTITY = "iPhone Developer";
				COPY_PHASE_STRIP = NO;
				DEBUG_INFORMATION_FORMAT = "dwarf-with-dsym";
				ENABLE_NS_ASSERTIONS = NO;
				ENABLE_STRICT_OBJC_MSGSEND = YES;
				GCC_C_LANGUAGE_STANDARD = gnu11;
				GCC_NO_COMMON_BLOCKS = YES;
				GCC_WARN_64_TO_32_BIT_CONVERSION = YES;
				GCC_WARN_ABOUT_RETURN_TYPE = YES_ERROR;
				GCC_WARN_UNDECLARED_SELECTOR = YES;
				GCC_WARN_UNINITIALIZED_AUTOS = YES_AGGRESSIVE;
				GCC_WARN_UNUSED_FUNCTION = YES;
				GCC_WARN_UNUSED_VARIABLE = YES;
				IPHONEOS_DEPLOYMENT_TARGET = 14.0;
				MTL_ENABLE_DEBUG_INFO = NO;
				MTL_FAST_MATH = YES;
				SDKROOT = iphoneos;
				SWIFT_COMPILATION_MODE = wholemodule;
				SWIFT_OPTIMIZATION_LEVEL = "-O";
				VALIDATE_PRODUCT = YES;
			};
			name = Release;
		};
		AD9EC65F20FE2EF7002AE9BF /* Debug */ = {
			isa = XCBuildConfiguration;
			baseConfigurationReference = B998C95AD610A43A721DFE3A /* Pods-Twittermenti.debug.xcconfig */;
			buildSettings = {
				ASSETCATALOG_COMPILER_APPICON_NAME = AppIcon;
				CODE_SIGN_STYLE = Automatic;
				DEVELOPMENT_TEAM = 69Y77S7YQP;
				INFOPLIST_FILE = Twittermenti/Info.plist;
				LD_RUNPATH_SEARCH_PATHS = (
					"$(inherited)",
					"@executable_path/Frameworks",
				);
				PRODUCT_BUNDLE_IDENTIFIER = com.ronaldogomes.Twittermenti;
				PRODUCT_NAME = "$(TARGET_NAME)";
				SWIFT_VERSION = 5.0;
				TARGETED_DEVICE_FAMILY = "1,2";
			};
			name = Debug;
		};
		AD9EC66020FE2EF7002AE9BF /* Release */ = {
			isa = XCBuildConfiguration;
			baseConfigurationReference = B12DC92E2B681B33A9E1A767 /* Pods-Twittermenti.release.xcconfig */;
			buildSettings = {
				ASSETCATALOG_COMPILER_APPICON_NAME = AppIcon;
				CODE_SIGN_STYLE = Automatic;
				DEVELOPMENT_TEAM = 69Y77S7YQP;
				INFOPLIST_FILE = Twittermenti/Info.plist;
				LD_RUNPATH_SEARCH_PATHS = (
					"$(inherited)",
					"@executable_path/Frameworks",
				);
				PRODUCT_BUNDLE_IDENTIFIER = com.ronaldogomes.Twittermenti;
				PRODUCT_NAME = "$(TARGET_NAME)";
				SWIFT_VERSION = 5.0;
				TARGETED_DEVICE_FAMILY = "1,2";
			};
			name = Release;
		};
/* End XCBuildConfiguration section */

/* Begin XCConfigurationList section */
		AD9EC64720FE2EF4002AE9BF /* Build configuration list for PBXProject "Twittermenti" */ = {
			isa = XCConfigurationList;
			buildConfigurations = (
				AD9EC65C20FE2EF7002AE9BF /* Debug */,
				AD9EC65D20FE2EF7002AE9BF /* Release */,
			);
			defaultConfigurationIsVisible = 0;
			defaultConfigurationName = Release;
		};
		AD9EC65E20FE2EF7002AE9BF /* Build configuration list for PBXNativeTarget "Twittermenti" */ = {
			isa = XCConfigurationList;
			buildConfigurations = (
				AD9EC65F20FE2EF7002AE9BF /* Debug */,
				AD9EC66020FE2EF7002AE9BF /* Release */,
			);
			defaultConfigurationIsVisible = 0;
			defaultConfigurationName = Release;
		};
/* End XCConfigurationList section */
	};
	rootObject = AD9EC64420FE2EF4002AE9BF /* Project object */;
}
